
Microsoft Visual Studio Solution File, Format Version 12.00
# Visual Studio Version 16
VisualStudioVersion = 16.0.29001.49
MinimumVisualStudioVersion = 10.0.40219.1
Project("{FAE04EC0-301F-11D3-BF4B-00C04F79EFBC}") = "Models", "Models\Models.csproj", "{3FF78A53-A92B-4BA7-937F-929DA800D562}"
EndProject
Global
	GlobalSection(SolutionConfigurationPlatforms) = preSolution
		Debug|Any CPU = Debug|Any CPU
		Release|Any CPU = Release|Any CPU
	EndGlobalSection
	GlobalSection(ProjectConfigurationPlatforms) = postSolution
		{3FF78A53-A92B-4BA7-937F-929DA800D562}.Debug|Any CPU.ActiveCfg = Debug|Any CPU
		{3FF78A53-A92B-4BA7-937F-929DA800D562}.Debug|Any CPU.Build.0 = Debug|Any CPU
		{3FF78A53-A92B-4BA7-937F-929DA800D562}.Release|Any CPU.ActiveCfg = Release|Any CPU
		{3FF78A53-A92B-4BA7-937F-929DA800D562}.Release|Any CPU.Build.0 = Release|Any CPU
	EndGlobalSection
	GlobalSection(SolutionProperties) = preSolution
		HideSolutionNode = FALSE
	EndGlobalSection
	GlobalSection(ExtensibilityGlobals) = postSolution
		SolutionGuid = {112C0E84-9046-4E42-BB86-2E4649179BAA}
	EndGlobalSection
EndGlobal
